
Microsoft Visual Studio Solution File, Format Version 12.00
# Visual Studio Version 17
VisualStudioVersion = 17.13.35825.156 d17.13
MinimumVisualStudioVersion = 10.0.40219.1
Project("{FAE04EC0-301F-11D3-BF4B-00C04F79EFBC}") = "DonationManageProject", "DonationManageProject\DonationManageProject.csproj", "{3E4E2192-FCAA-4E63-BB35-C7546FCEA94D}"
EndProject
Project("{FAE04EC0-301F-11D3-BF4B-00C04F79EFBC}") = "BLL", "BLL\BLL.csproj", "{5E48C18D-FB3E-4BE6-8802-10869B8696F0}"
EndProject
Project("{FAE04EC0-301F-11D3-BF4B-00C04F79EFBC}") = "DAL", "DAL\DAL.csproj", "{A3B5526E-F598-426F-AE03-6F54A2F410F4}"
EndProject
Global
	GlobalSection(SolutionConfigurationPlatforms) = preSolution
		Debug|Any CPU = Debug|Any CPU
		Release|Any CPU = Release|Any CPU
	EndGlobalSection
	GlobalSection(ProjectConfigurationPlatforms) = postSolution
		{3E4E2192-FCAA-4E63-BB35-C7546FCEA94D}.Debug|Any CPU.ActiveCfg = Debug|Any CPU
		{3E4E2192-FCAA-4E63-BB35-C7546FCEA94D}.Debug|Any CPU.Build.0 = Debug|Any CPU
		{3E4E2192-FCAA-4E63-BB35-C7546FCEA94D}.Release|Any CPU.ActiveCfg = Release|Any CPU
		{3E4E2192-FCAA-4E63-BB35-C7546FCEA94D}.Release|Any CPU.Build.0 = Release|Any CPU
		{5E48C18D-FB3E-4BE6-8802-10869B8696F0}.Debug|Any CPU.ActiveCfg = Debug|Any CPU
		{5E48C18D-FB3E-4BE6-8802-10869B8696F0}.Debug|Any CPU.Build.0 = Debug|Any CPU
		{5E48C18D-FB3E-4BE6-8802-10869B8696F0}.Release|Any CPU.ActiveCfg = Release|Any CPU
		{5E48C18D-FB3E-4BE6-8802-10869B8696F0}.Release|Any CPU.Build.0 = Release|Any CPU
		{A3B5526E-F598-426F-AE03-6F54A2F410F4}.Debug|Any CPU.ActiveCfg = Debug|Any CPU
		{A3B5526E-F598-426F-AE03-6F54A2F410F4}.Debug|Any CPU.Build.0 = Debug|Any CPU
		{A3B5526E-F598-426F-AE03-6F54A2F410F4}.Release|Any CPU.ActiveCfg = Release|Any CPU
		{A3B5526E-F598-426F-AE03-6F54A2F410F4}.Release|Any CPU.Build.0 = Release|Any CPU
	EndGlobalSection
	GlobalSection(SolutionProperties) = preSolution
		HideSolutionNode = FALSE
	EndGlobalSection
	GlobalSection(ExtensibilityGlobals) = postSolution
		SolutionGuid = {B4BDF000-9274-453C-8C9F-119FED4B453C}
	EndGlobalSection
EndGlobal
